{
  "name": "livechat-ai-railway",
  "version": "1.31.0",
  "lockfileVersion": 3,
  "requires": true,
  "packages": {
    "": {
      "name": "livechat-ai-railway",
      "version": "1.31.0",
      "dependencies": {
        "express": "5.1.0",
        "pg": "8.16.3",
        "qrcode": "1.5.4"
      },
      "engines": {
        "node": ">=20"
      }
    }
  }
}
